
Microsoft Visual Studio Solution File, Format Version 12.00
# Visual Studio Version 17
VisualStudioVersion = 17.0.31903.59
MinimumVisualStudioVersion = 10.0.40219.1
Project("{FAE04EC0-301F-11D3-BF4B-00C04F79EFBC}") = "CMPS340_Assignment2", "CMPS340_Assignment2\CMPS340_Assignment2.csproj", "{69D8CBF8-FEBD-45C7-9303-3C48F30EB39C}"
EndProject
Global
	GlobalSection(SolutionConfigurationPlatforms) = preSolution
		Debug|Any CPU = Debug|Any CPU
		Release|Any CPU = Release|Any CPU
	EndGlobalSection
	GlobalSection(ProjectConfigurationPlatforms) = postSolution
		{69D8CBF8-FEBD-45C7-9303-3C48F30EB39C}.Debug|Any CPU.ActiveCfg = Debug|Any CPU
		{69D8CBF8-FEBD-45C7-9303-3C48F30EB39C}.Debug|Any CPU.Build.0 = Debug|Any CPU
		{69D8CBF8-FEBD-45C7-9303-3C48F30EB39C}.Release|Any CPU.ActiveCfg = Release|Any CPU
		{69D8CBF8-FEBD-45C7-9303-3C48F30EB39C}.Release|Any CPU.Build.0 = Release|Any CPU
	EndGlobalSection
	GlobalSection(SolutionProperties) = preSolution
		HideSolutionNode = FALSE
	EndGlobalSection
	GlobalSection(ExtensibilityGlobals) = postSolution
		SolutionGuid = {FB888768-023F-4BF4-B6D9-3CF4F6F01384}
	EndGlobalSection
EndGlobal
